
Microsoft Visual Studio Solution File, Format Version 12.00
# Visual Studio 15
VisualStudioVersion = 15.0.28010.2046
MinimumVisualStudioVersion = 10.0.40219.1
Project("{FAE04EC0-301F-11D3-BF4B-00C04F79EFBC}") = "Excercise1", "Excercise1\Excercise1.csproj", "{FCD02C3C-2A6E-43F0-9906-E41406F02D92}"
EndProject
Project("{FAE04EC0-301F-11D3-BF4B-00C04F79EFBC}") = "Excercise2", "Excercise2\Excercise2.csproj", "{7839CA27-9B8D-40F7-BAF2-CE21BABCED3A}"
EndProject
Project("{FAE04EC0-301F-11D3-BF4B-00C04F79EFBC}") = "Excercise2Tests", "Excercise2Tests\Excercise2Tests.csproj", "{26D23979-2BE9-4D1D-BB5C-73729885AF6B}"
EndProject
Project("{FAE04EC0-301F-11D3-BF4B-00C04F79EFBC}") = "Excercise3", "Excercise3\Excercise3.csproj", "{CD92ACEA-D267-4A53-A3A2-24D059A8A3CB}"
EndProject
Project("{FAE04EC0-301F-11D3-BF4B-00C04F79EFBC}") = "Excercise3Tests", "Excercise3Tests\Excercise3Tests.csproj", "{313580D5-525D-48B3-B887-5326DF861677}"
EndProject
Global
	GlobalSection(SolutionConfigurationPlatforms) = preSolution
		Debug|Any CPU = Debug|Any CPU
		Release|Any CPU = Release|Any CPU
	EndGlobalSection
	GlobalSection(ProjectConfigurationPlatforms) = postSolution
		{FCD02C3C-2A6E-43F0-9906-E41406F02D92}.Debug|Any CPU.ActiveCfg = Debug|Any CPU
		{FCD02C3C-2A6E-43F0-9906-E41406F02D92}.Debug|Any CPU.Build.0 = Debug|Any CPU
		{FCD02C3C-2A6E-43F0-9906-E41406F02D92}.Release|Any CPU.ActiveCfg = Release|Any CPU
		{FCD02C3C-2A6E-43F0-9906-E41406F02D92}.Release|Any CPU.Build.0 = Release|Any CPU
		{7839CA27-9B8D-40F7-BAF2-CE21BABCED3A}.Debug|Any CPU.ActiveCfg = Debug|Any CPU
		{7839CA27-9B8D-40F7-BAF2-CE21BABCED3A}.Debug|Any CPU.Build.0 = Debug|Any CPU
		{7839CA27-9B8D-40F7-BAF2-CE21BABCED3A}.Release|Any CPU.ActiveCfg = Release|Any CPU
		{7839CA27-9B8D-40F7-BAF2-CE21BABCED3A}.Release|Any CPU.Build.0 = Release|Any CPU
		{26D23979-2BE9-4D1D-BB5C-73729885AF6B}.Debug|Any CPU.ActiveCfg = Debug|Any CPU
		{26D23979-2BE9-4D1D-BB5C-73729885AF6B}.Debug|Any CPU.Build.0 = Debug|Any CPU
		{26D23979-2BE9-4D1D-BB5C-73729885AF6B}.Release|Any CPU.ActiveCfg = Release|Any CPU
		{26D23979-2BE9-4D1D-BB5C-73729885AF6B}.Release|Any CPU.Build.0 = Release|Any CPU
		{CD92ACEA-D267-4A53-A3A2-24D059A8A3CB}.Debug|Any CPU.ActiveCfg = Debug|Any CPU
		{CD92ACEA-D267-4A53-A3A2-24D059A8A3CB}.Debug|Any CPU.Build.0 = Debug|Any CPU
		{CD92ACEA-D267-4A53-A3A2-24D059A8A3CB}.Release|Any CPU.ActiveCfg = Release|Any CPU
		{CD92ACEA-D267-4A53-A3A2-24D059A8A3CB}.Release|Any CPU.Build.0 = Release|Any CPU
		{313580D5-525D-48B3-B887-5326DF861677}.Debug|Any CPU.ActiveCfg = Debug|Any CPU
		{313580D5-525D-48B3-B887-5326DF861677}.Debug|Any CPU.Build.0 = Debug|Any CPU
		{313580D5-525D-48B3-B887-5326DF861677}.Release|Any CPU.ActiveCfg = Release|Any CPU
		{313580D5-525D-48B3-B887-5326DF861677}.Release|Any CPU.Build.0 = Release|Any CPU
	EndGlobalSection
	GlobalSection(SolutionProperties) = preSolution
		HideSolutionNode = FALSE
	EndGlobalSection
	GlobalSection(ExtensibilityGlobals) = postSolution
		SolutionGuid = {45E18A20-5A77-467E-A1A5-5C12B943AF68}
	EndGlobalSection
EndGlobal
